[[package]]
name = "pypblib"
version = "0.0.4"
summary = "UNKNOWN"

[[package]]
name = "python-sat"
version = "0.1.7.dev19"
summary = "A Python library for prototyping with SAT oracles"
dependencies = [
    "six",
]

[[package]]
name = "six"
version = "1.16.0"
requires_python = ">=2.7, !=3.0.*, !=3.1.*, !=3.2.*"
summary = "Python 2 and 3 compatibility utilities"

[metadata]
lock_version = "4.0"
content_hash = "sha256:919c09d34bc2ddeaa3b41c5b608b5ceffaebf36061572cff6c18513abc94425a"

[metadata.files]
"pypblib 0.0.4" = [
    {url = "https://files.pythonhosted.org/packages/05/c8/851eb6e68ad23c817cdf14942d7653d6fd8e85d986186b1eed65b38b01b3/pypblib-0.0.4-cp39-cp39-manylinux2010_x86_64.whl", hash = "sha256:51d9be909ec1513ce5e5e01d225550c02ce439d1ad8c5421270301d61a75e5a9"},
    {url = "https://files.pythonhosted.org/packages/06/94/14039678711805458043966fd20fb588a3db546dbf2fc90dcd8300fe086b/pypblib-0.0.4-cp39-cp39-manylinux2014_i686.whl", hash = "sha256:94ae0efa11230b1d675852f598ad06edca30e4ddd2dd74b4f07007708f8b733e"},
    {url = "https://files.pythonhosted.org/packages/18/e4/0bd12a9b81d1db000ca0753049aabb7ab60844d1731cecd9c9ae7248cd1c/pypblib-0.0.4-cp38-cp38-manylinux2010_x86_64.whl", hash = "sha256:5db879394bfdd3c48a0d3d6714ebb2b99a880ef5dd5948a9fdf0ac0d4167d12a"},
    {url = "https://files.pythonhosted.org/packages/2b/f5/f492e7a9fd8eb279367fbe6a586872fe1eee07e33ff0598eba7afda01d2b/pypblib-0.0.4-cp35-cp35m-manylinux2014_i686.whl", hash = "sha256:9349f09040b1a3b149d9e565161b43c8e1c1bc6632997e7410d2f5df40ee35da"},
    {url = "https://files.pythonhosted.org/packages/48/b9/0c38afad6537c64b4ead2f0942d8cca6ad798b2373b2a46aa0392a455e6a/pypblib-0.0.4-cp35-cp35m-manylinux2010_i686.whl", hash = "sha256:a6b5f0364a8ad5066622cbc112872424ecd1d981b0bf1fa81b3f0512c31f910b"},
    {url = "https://files.pythonhosted.org/packages/49/d7/094781c7793227e9dee5850f6ef91666314866ee0e8b90595763efc04908/pypblib-0.0.4-cp35-cp35m-manylinux2014_x86_64.whl", hash = "sha256:a272ed41bb27e668029c3599b8659f76cf6c870328e22dba6d2fcc2e154e1417"},
    {url = "https://files.pythonhosted.org/packages/4b/08/aa8206369eadc65a014742e8b3409bb537f0e042c8119a881fede5b82d1f/pypblib-0.0.4-cp36-cp36m-manylinux2014_x86_64.whl", hash = "sha256:96f5d5350681eb4e578b0d438b5a9ce092f760ae0891d1f54674fd2bead4d692"},
    {url = "https://files.pythonhosted.org/packages/50/1e/1b952f1e9f52aeb38dc1dcef91d18d77abe756378894e43b9f40854d9f82/pypblib-0.0.4-cp35-cp35m-win_amd64.whl", hash = "sha256:458d4b2ad1abe333fd3df279f1bdcb2e6e94e99466cb290b9bcebadf3669c9b5"},
    {url = "https://files.pythonhosted.org/packages/6b/d3/892bad89496e40073b06cdaf60284255978b3c64cbaccb3f10d06454ca3b/pypblib-0.0.4-cp37-cp37m-win_amd64.whl", hash = "sha256:58a3cd244a2d52613bb6563d197f928b704e5f91e53648986c6c16ab96f189ee"},
    {url = "https://files.pythonhosted.org/packages/71/17/04e04c5b00852201d451ab2caea3544d9cc7034d63105a2fc3804874e46f/pypblib-0.0.4-cp38-cp38-manylinux2010_i686.whl", hash = "sha256:d5611c4e63b59577c390a47c4f95fd1f620679c73347b90a2817cd896e310728"},
    {url = "https://files.pythonhosted.org/packages/82/a8/785a338ae62dd84c67195d1a316319dfd6dc3b5fae5a389be108a6f34802/pypblib-0.0.4-cp37-cp37m-manylinux2014_x86_64.whl", hash = "sha256:c8a03bdcd30d49b80a3e29961cabec86c97e77cbd12148b12bee86e1e7e7269c"},
    {url = "https://files.pythonhosted.org/packages/96/f2/a7966370df31a4975fe7b7fcc228d47fe10aaf6cc0d7cdc3761def7e656e/pypblib-0.0.4-cp39-cp39-manylinux2014_x86_64.whl", hash = "sha256:833dcecb4f152f989056e3ebb33860335d5365035f7127fbb0797ea5ff689b83"},
    {url = "https://files.pythonhosted.org/packages/98/94/493ce5b2b05ead8ca152571f7d4d2d2f6326c25624c40289e2154d3094c7/pypblib-0.0.4-cp37-cp37m-manylinux2010_i686.whl", hash = "sha256:34732945c19cea40420435ed863863a42d4fcfc3eead29558de5af268859c06f"},
    {url = "https://files.pythonhosted.org/packages/ae/87/f5830bcc7606db3c8510cce1f6f8f5385d8a7dd3c3c61e5fb4f12a1349b6/pypblib-0.0.4-cp36-cp36m-win_amd64.whl", hash = "sha256:51f2cd1c024ff31e4eab977e2cee834d3b678f47c1a66480610694f4baab5f23"},
    {url = "https://files.pythonhosted.org/packages/b3/35/1459b61ad00f38395ac7a8b9dc73d1dde0bf57e8051986911910d5584bea/pypblib-0.0.4-cp39-cp39-manylinux2010_i686.whl", hash = "sha256:626a529beac250c8668dbb86b82689341ed6016ccff500583296b643d8873bad"},
    {url = "https://files.pythonhosted.org/packages/b6/89/6a2c77daef3fd82f41904156dd11fb72e0d5e109b5412466ecc6947f58c7/pypblib-0.0.4-cp36-cp36m-manylinux2010_x86_64.whl", hash = "sha256:7a9e992994a11c6a6a4924fb19374c01eee0453d44010640cc5896d06cdaac48"},
    {url = "https://files.pythonhosted.org/packages/c0/d9/ebe1d701cc3c61eb7160219cffb53df66bb74ede2f8e86a07f292a7fc42c/pypblib-0.0.4-cp37-cp37m-manylinux2010_x86_64.whl", hash = "sha256:bbe8013e365b28b4dd9ebe267daac747e86a946a6cd0972a7c572d1149a7e092"},
    {url = "https://files.pythonhosted.org/packages/d2/80/a4e051ebe8b1cbedd51752a6620f0171d25186318701ebcdcd58049dab10/pypblib-0.0.4-cp38-cp38-win_amd64.whl", hash = "sha256:1bc73246760f56bbe945d38b3c4f56fed89e843e41934242f160a8685dc5cb17"},
    {url = "https://files.pythonhosted.org/packages/da/59/93f2e3ad4ca9ca9fe20945cae5f31230881bfd4bab72f3f173ca2a92f5b9/pypblib-0.0.4-cp39-cp39-win_amd64.whl", hash = "sha256:e2c74d8219caef6a107380e979019ea6e80f9334d1d0b042cc62bec9af53a43b"},
    {url = "https://files.pythonhosted.org/packages/da/62/640eb8d38f85e7e3bff79a58f525a41c48eb318fd3a60107f105af37a990/pypblib-0.0.4-cp36-cp36m-manylinux2014_i686.whl", hash = "sha256:19fdc29db3eb61504c50044645ea01955968ad3b473cb126f6b508a847cb64a1"},
    {url = "https://files.pythonhosted.org/packages/df/4c/475dc117884c300493f5bd2ed6d7347b261e385e2b1a3c46ffcc25aacaf2/pypblib-0.0.4-cp37-cp37m-manylinux2014_i686.whl", hash = "sha256:6034d8b1f7ff53f356a41878b28f95bec30498285ee178ad4d62135231b2f2d9"},
    {url = "https://files.pythonhosted.org/packages/e5/3c/630107487f229d8740a3983f4a54dfdee6a40d1bd5972b6341fadd0c4d55/pypblib-0.0.4-cp38-cp38-manylinux2014_i686.whl", hash = "sha256:cfc5dbc7d0e9b84584a0a333b07ec8f058142e3c4bed17aeb26754b2f8dfbb36"},
    {url = "https://files.pythonhosted.org/packages/ea/cd/ff2f5377fce3489ef16de83c5c3997d56bc3fba467e807994690c381e98a/pypblib-0.0.4-cp36-cp36m-manylinux2010_i686.whl", hash = "sha256:fc63d2d273891e665cb40a7dd5cf3aed6d10d302ce1e3bbf7556dd06b334f7a5"},
    {url = "https://files.pythonhosted.org/packages/fb/f6/967cc8b9ea80c2a8e00913225de46d435ef441243ad1dd0a57935cc1d863/pypblib-0.0.4.tar.gz", hash = "sha256:71dd930bf177ca38d6eeb473702d05df07e11f20382db0c766465297eaf49062"},
    {url = "https://files.pythonhosted.org/packages/fe/4f/57ddff3defc75ec8c4d24f94c33c16ac7a8b1609d2bdef47b5570939f3b7/pypblib-0.0.4-cp35-cp35m-manylinux2010_x86_64.whl", hash = "sha256:9dd77b5447df2171bd9303dde4aa6c47ff4fa5afb71171cdaf0496940cce3eb3"},
    {url = "https://files.pythonhosted.org/packages/fe/f4/0c33bd44f71d55bf233a63ad2b34d987ee85d12eb811effff3debcfb173c/pypblib-0.0.4-cp38-cp38-manylinux2014_x86_64.whl", hash = "sha256:3eec6af39d352435938542128b29f658dde20a6d21ee27647ae27c744e1208a9"},
]
"python-sat 0.1.7.dev19" = [
    {url = "https://files.pythonhosted.org/packages/07/46/245cb50980b282a814a49a12ea4b6dbbb634f0113fe99923b6e23d7d6960/python_sat-0.1.7.dev19-cp35-cp35m-manylinux1_x86_64.whl", hash = "sha256:1555549a3c7fc32ecf819b1efc940633bd325a631b0a497818c7d598cbeff99c"},
    {url = "https://files.pythonhosted.org/packages/12/f3/e0843999150868b14d9faab00f6bbd4eca051ce30a325488d681c0da7112/python_sat-0.1.7.dev19-cp35-cp35m-manylinux2010_x86_64.whl", hash = "sha256:f5bb7f8b8348c7d8cee3eebe099d087556135fa4bfc389dd79fb5e1a443e20db"},
    {url = "https://files.pythonhosted.org/packages/17/1a/c2b012bf4fdb7e8b74b9f4b7f51d269f91d411d793086d11828f999ccc0a/python-sat-0.1.7.dev19.tar.gz", hash = "sha256:25ba9d70814fb241ef598e8a7690ccab3c8a877238ec04e0ab991f794d8c8e84"},
    {url = "https://files.pythonhosted.org/packages/1f/07/ecfe80da887676764f77aa7b08cbfc19693b226b95decc67ce4b626aa001/python_sat-0.1.7.dev19-cp310-cp310-manylinux_2_17_aarch64.manylinux2014_aarch64.whl", hash = "sha256:d1332c66a60c0f5f3a1f06266b5c0669bea6b68839978003ce4dd3c9a6b24a0b"},
    {url = "https://files.pythonhosted.org/packages/2b/83/524d671b714ce1b08df4f5f6306e009a8763fcb0d16a8209f3c4d9146f34/python_sat-0.1.7.dev19-cp38-cp38-manylinux2010_x86_64.whl", hash = "sha256:97d79783769fa5468c51209a477827c69b293dad835e5b6de530d929f8e6ba68"},
    {url = "https://files.pythonhosted.org/packages/36/24/29820493c7772feeb008a64fe1893badc4bf2ea38d7bf4f5dc6ff5d57b03/python_sat-0.1.7.dev19-cp38-cp38-manylinux_2_17_aarch64.manylinux2014_aarch64.whl", hash = "sha256:a54a58e79a3d8dbf9f4f22cad1c15c86d18ce6ab26305ccd315957e8a4b1e71e"},
    {url = "https://files.pythonhosted.org/packages/36/47/2054417699330a76c2c1e70b73584cf7dfc28dd7327c9fd4f63409524bf3/python_sat-0.1.7.dev19-cp27-cp27mu-manylinux1_x86_64.whl", hash = "sha256:5c275c091de40f7d79149ce0fecb0ed2d01c1367a354371e8c2ec4420cd7d194"},
    {url = "https://files.pythonhosted.org/packages/59/6d/2b49bf66488211ce78c9c4a3f52d2e5885c8fcb860de603797888b9282a8/python_sat-0.1.7.dev19-cp27-cp27m-manylinux1_i686.whl", hash = "sha256:7d782c13fd25795a2aa48ba4cfde5d97e073b012e6c79f4707b2f4494bcf094c"},
    {url = "https://files.pythonhosted.org/packages/5b/1e/62f82ecf62a7b18365875e475dd6e72fb2555d341f1a5e816f261a0ff5cb/python_sat-0.1.7.dev19-cp37-cp37m-macosx_12_0_x86_64.whl", hash = "sha256:03d0d19616333fc83c806ee556990fb388a4d9ac760649a031759d422af7172e"},
    {url = "https://files.pythonhosted.org/packages/6c/0f/38fc1699f93b7c7cab9c4ff728775a9f5c35669d0c4bf8033d83dede93fd/python_sat-0.1.7.dev19-cp38-cp38-manylinux1_i686.whl", hash = "sha256:3d0cc99d54dc3b257fdc56177b2c05ee09c35520cf2321a544c26629d38b70de"},
    {url = "https://files.pythonhosted.org/packages/73/fd/5815f51845aa4ba793efd6e98a1444e89e111469a009f42bbdc76953dff4/python_sat-0.1.7.dev19-cp39-cp39-manylinux_2_17_aarch64.manylinux2014_aarch64.whl", hash = "sha256:8621f638c7a07adb6e57b793a99e77d1c46c75dc704017e90a4d3b89bbceae42"},
    {url = "https://files.pythonhosted.org/packages/78/2a/1dc384ea0460ee35f05ad9f7cc2bda7bff8e510945c7cbf38f93ad52a32e/python_sat-0.1.7.dev19-cp37-cp37m-manylinux2010_x86_64.whl", hash = "sha256:5ded0862a4ff66c93da8bb7ac7e1580770e5a9e27d98866ae2a1c54ba2ab00ae"},
    {url = "https://files.pythonhosted.org/packages/8d/6b/8beca77290f71c00bd94a624c5ff64c641abba48c2ec91494093334165ea/python_sat-0.1.7.dev19-cp39-cp39-manylinux1_i686.whl", hash = "sha256:2e8a535677e8d4183a53d680783d00d0299cd5743ce1a3bcb97c9faa9b35cf4e"},
    {url = "https://files.pythonhosted.org/packages/8e/b0/862481bfe3f9723cc6f36c885aa8a482ebd642bc922f46e4d1fa4b91f797/python_sat-0.1.7.dev19-cp39-cp39-manylinux2010_x86_64.whl", hash = "sha256:7d016ab38c245cc9f4dcb6d65de4c1aa208e7e8027f578d2dd4bca1ce81f0144"},
    {url = "https://files.pythonhosted.org/packages/93/c2/5a236199c6bb59aadc6ad8edce6b35ed0b58411bea95323df2b786c0e3f5/python_sat-0.1.7.dev19-cp37-cp37m-win_amd64.whl", hash = "sha256:efa08b17320bb0f45c5102b86adb8adcda0f9b4e80092f1d38697c21e3be6654"},
    {url = "https://files.pythonhosted.org/packages/9f/55/78f70fed1e5f2c6160d5d5551e5fd8fff2e68a0935e6aa1d18e2f5351866/python_sat-0.1.7.dev19-cp37-cp37m-manylinux1_i686.whl", hash = "sha256:be62a740a5b6560cb344b133f9e70c6ab7d24b8e26d7fdf33b379b7e06f0231e"},
    {url = "https://files.pythonhosted.org/packages/a7/92/905fbbd6885bc3cc713209b037f8704ead6bb268359905ac64cc5b10b1dc/python_sat-0.1.7.dev19-cp38-cp38-win_amd64.whl", hash = "sha256:86af7271671b931402aff6ff64cd71490c961a0e2720618c2d5db47308719562"},
    {url = "https://files.pythonhosted.org/packages/a8/b4/ed4c3cbbdc0685d665fc57ff02816bdc79ad12dda80880e4033dff355fc3/python_sat-0.1.7.dev19-cp39-cp39-macosx_12_0_x86_64.whl", hash = "sha256:306e62aaee68231f55b82801eae2d6b19e02cbe5610f97ffebaf59767b74cf05"},
    {url = "https://files.pythonhosted.org/packages/a8/c6/59e46763c0985beac86b9bf8a6044b750aca5d8a03e0262ba18ca0e5b7d1/python_sat-0.1.7.dev19-cp39-cp39-manylinux1_x86_64.whl", hash = "sha256:d818c79a18699a6b252e6ad5b8eae76c79451a84416c4ca5b1326420bac250f7"},
    {url = "https://files.pythonhosted.org/packages/bc/7d/7713c02eff70102d30a7dce94ce81449d5150c708fdc6a4f3831cd934da7/python_sat-0.1.7.dev19-cp36-cp36m-win_amd64.whl", hash = "sha256:cd44593efae52f93705d3691308aa24c873add919861638bb5dae65f8e041790"},
    {url = "https://files.pythonhosted.org/packages/bd/2b/884106c1b6fab4123cd0ff14547ea2b27ff48498bdc2faa6c010f126181e/python_sat-0.1.7.dev19-cp39-cp39-win_amd64.whl", hash = "sha256:2619996fd143a7f706884ec191dac13ecf0d5d5b6cbf85ab709a250114fcae76"},
    {url = "https://files.pythonhosted.org/packages/be/a9/1bb6f6190d9ccd3602e453d494f14c081ec0121be8044590c05887a6eba9/python_sat-0.1.7.dev19-cp36-cp36m-manylinux_2_17_aarch64.manylinux2014_aarch64.whl", hash = "sha256:b7852f8dd75d3838c69d7cd66246370d447fa6bb7244841e7a51927370404011"},
    {url = "https://files.pythonhosted.org/packages/c4/d7/1d897bfb990307f42bb8194b9dc1dde45e7c1512dc7bf1f0e2cce7c1b73e/python_sat-0.1.7.dev19-cp38-cp38-macosx_12_0_x86_64.whl", hash = "sha256:5ab6b1d33d02e69c9341fdf1ac3d1b85ef17661c0ff32adea3791cb273006bdf"},
    {url = "https://files.pythonhosted.org/packages/c5/e6/9c2156f04170a77102e337ba45e85dbad90e8da2ff476ebe8fdc663d3011/python_sat-0.1.7.dev19-cp37-cp37m-manylinux1_x86_64.whl", hash = "sha256:070902770ce0fd9c28f6bf50a4a70f57543702f5e96fc0922b1bd1975b02094f"},
    {url = "https://files.pythonhosted.org/packages/c8/64/80e2a00630db0b6199f867dc1f96218f9c0f93f2555d8de0f7405ae492ba/python_sat-0.1.7.dev19-cp27-cp27mu-manylinux1_i686.whl", hash = "sha256:6dd34167db3d18ba827ef6c9e3da2b6dd1479fe890a448907c0880b92aaa24c2"},
    {url = "https://files.pythonhosted.org/packages/d3/3e/32c8decb8bf81e89a8bcc7bea65fbda906cc4134956de10bf089864bfb39/python_sat-0.1.7.dev19-cp27-cp27m-manylinux1_x86_64.whl", hash = "sha256:13f05b5ba8e7339406491d9b1e9755d49da8d28a628699401a0960b3ba206e9e"},
    {url = "https://files.pythonhosted.org/packages/d4/79/0bc8c9a2cbf2e34a380dc485ea42014087e7907a24ec7046e496ee0865bf/python_sat-0.1.7.dev19-cp36-cp36m-manylinux1_i686.whl", hash = "sha256:18c8061d36c146e4877814df705536934be559f6b243650eb465dbcc1644fe11"},
    {url = "https://files.pythonhosted.org/packages/d5/27/5f0f5f82fbaf5c88078c797f0666060d0def8f0d892fc9f125b326539a65/python_sat-0.1.7.dev19-cp35-cp35m-manylinux1_i686.whl", hash = "sha256:2edc50bf6b58bbee198b83aeb8ef47809da6ab0cd9f3e87d79334380319d97af"},
    {url = "https://files.pythonhosted.org/packages/d9/eb/fbe07d746a1eeb482503e9e96cb3d486c66eeccdada7af5338f36434ab68/python_sat-0.1.7.dev19-cp38-cp38-manylinux1_x86_64.whl", hash = "sha256:bd1975553c12a807abdba0e1e1d04237ff2c0ef4dfb730f2093ec51d071331e5"},
    {url = "https://files.pythonhosted.org/packages/db/fa/5e5710f6e138904bb262ebe0f058a53688005282424fda56548794d5a590/python_sat-0.1.7.dev19-pp37-pypy37_pp73-manylinux_2_17_aarch64.manylinux2014_aarch64.whl", hash = "sha256:fa67b95751228a8aeb8aec53aec8058e58b08f5fe93989ca6f5a384641a74ce7"},
    {url = "https://files.pythonhosted.org/packages/e6/f3/b326e6a8bf30244f1703390108bd27a0c2cb90dbd69602d8eb860fab1056/python_sat-0.1.7.dev19-cp310-cp310-win_amd64.whl", hash = "sha256:c389c87dc8350f7ae58a17347a3312c4efdd5a6fb3bd1beec962470a1878086f"},
    {url = "https://files.pythonhosted.org/packages/e9/e9/49e7f01441676a60c7f831ba951ec76c0c8f1db3b0bf6d69809aa067774a/python_sat-0.1.7.dev19-cp36-cp36m-manylinux2010_x86_64.whl", hash = "sha256:91e0cc4cb17c008e8462d20a1f0bd3e34d76dec792dc659c030ff667df31c6e5"},
    {url = "https://files.pythonhosted.org/packages/ec/4e/9d5b0ccb90fd9242f2720b93c86f9dacf8e6a5e0e85c771f943d1486f154/python_sat-0.1.7.dev19-cp310-cp310-macosx_12_0_x86_64.whl", hash = "sha256:e87793237b526d40db06f04e54884e4a411e1c9918d0e9907e60a5311343be18"},
    {url = "https://files.pythonhosted.org/packages/f9/13/3d0e9b78017519592a2457db7dcb2621eebf082a8fe9e75ef1311b885594/python_sat-0.1.7.dev19-cp37-cp37m-manylinux_2_17_aarch64.manylinux2014_aarch64.whl", hash = "sha256:ed63c38fd6d481f7bb04fbb937dde039613892d6c07651a9f69c36804a8dc67c"},
    {url = "https://files.pythonhosted.org/packages/fa/f8/277ed167e034018eed1021358a0acb68556f304e34c8a23cf1d165767316/python_sat-0.1.7.dev19-cp36-cp36m-manylinux1_x86_64.whl", hash = "sha256:aa4aec198e3819582dda4f9928b43e7f9175e5f741092e9e049a7c2307b1c570"},
]
"six 1.16.0" = [
    {url = "https://files.pythonhosted.org/packages/71/39/171f1c67cd00715f190ba0b100d606d440a28c93c7714febeca8b79af85e/six-1.16.0.tar.gz", hash = "sha256:1e61c37477a1626458e36f7b1d82aa5c9b094fa4802892072e49de9c60c4c926"},
    {url = "https://files.pythonhosted.org/packages/d9/5a/e7c31adbe875f2abbb91bd84cf2dc52d792b5a01506781dbcf25c91daf11/six-1.16.0-py2.py3-none-any.whl", hash = "sha256:8abb2f1d86890a2dfb989f9a77cfcfd3e47c2a354b01111771326f8aa26e0254"},
]
